github.com/andyzhou/vine_client v0.0.0-20220423115033-01267b3a61c5 h1:jOL2vbde0anQyRx0FjpKUZ4qb/EaFI98ltEsivQC9IM=
github.com/andyzhou/vine_client v0.0.0-20220423115033-01267b3a61c5/go.mod h1:FbQwCh3n+v3Gvm7mnXwY31bXuzqRYKjSbNa2a8z8Tz0=
github.com/andyzhou/vine_client v0.0.0-20220423133553-bc3df1644489 h1:nd1C3Lp/7fflGVv+Be7fT7Z3H+0yGovn3UqdVKJAOkk=
github.com/andyzhou/vine_client v0.0.0-20220423133553-bc3df1644489/go.mod h1:FbQwCh3n+v3Gvm7mnXwY31bXuzqRYKjSbNa2a8z8Tz0=
