github.com/andyzhou/vine_client v0.0.0-20220423133553-bc3df1644489/go.mod h1:FbQwCh3n+v3Gvm7mnXwY31bXuzqRYKjSbNa2a8z8Tz0=
github.com/andyzhou/vine_client v0.0.0-20220424021659-902ada2bf38d h1:zn02GjG7nztW7cUBQaqZcaKpQOID8b4EAyUNJS4skus=
github.com/andyzhou/vine_client v0.0.0-20220424021659-902ada2bf38d/go.mod h1:FbQwCh3n+v3Gvm7mnXwY31bXuzqRYKjSbNa2a8z8Tz0=
github.com/andyzhou/vine_client/example v0.0.0-20220424021659-902ada2bf38d h1:oBRTLqOeGcvWV5t3U38HJf1qE85WQuLbLa05gLYZdsQ=
github.com/andyzhou/vine_client/example v0.0.0-20220424021659-902ada2bf38d/go.mod h1:qGZCiIj19OgmOqna/lK1Uqe/wzOvtBe4Xky/t2KgJDI=
