github.com/andyzhou/vine_client v0.0.0-20220423133553-bc3df1644489/go.mod h1:FbQwCh3n+v3Gvm7mnXwY31bXuzqRYKjSbNa2a8z8Tz0=
github.com/andyzhou/vine_client v0.0.0-20220423134615-a347e30135f1 h1:EUx3x9pWA/1aOBZhCTWO8qjNv2K1NaJYX3oU4/AeeX4=
github.com/andyzhou/vine_client v0.0.0-20220423134615-a347e30135f1/go.mod h1:FbQwCh3n+v3Gvm7mnXwY31bXuzqRYKjSbNa2a8z8Tz0=
github.com/andyzhou/vine_client v0.0.0-20220424054353-66efd2566106 h1:6wDAZr2FakZyP2aYb694IBrwU96xzja9BvzHwqvZk8Y=
github.com/andyzhou/vine_client v0.0.0-20220424054353-66efd2566106/go.mod h1:FbQwCh3n+v3Gvm7mnXwY31bXuzqRYKjSbNa2a8z8Tz0=
github.com/andyzhou/vine_client/example v0.0.0-20220424021659-902ada2bf38d h1:oBRTLqOeGcvWV5t3U38HJf1qE85WQuLbLa05gLYZdsQ=
github.com/andyzhou/vine_client/example v0.0.0-20220424021659-902ada2bf38d/go.mod h1:qGZCiIj19OgmOqna/lK1Uqe/wzOvtBe4Xky/t2KgJDI=
